
Microsoft Visual Studio Solution File, Format Version 12.00
# Visual Studio 15
VisualStudioVersion = 15.0.27428.2002
MinimumVisualStudioVersion = 10.0.40219.1
Project("{FAE04EC0-301F-11D3-BF4B-00C04F79EFBC}") = "ClassLibrary1", "ClassLibrary1\ClassLibrary1.csproj", "{70BCC178-5DF9-433D-BB91-E89C1FE90A8E}"
EndProject
Project("{FAE04EC0-301F-11D3-BF4B-00C04F79EFBC}") = "Calculator", "..\Calculator\Calculator\Calculator.csproj", "{D210300C-2107-4127-BE13-7EEA13C2BCFC}"
EndProject
Global
	GlobalSection(SolutionConfigurationPlatforms) = preSolution
		Debug|Any CPU = Debug|Any CPU
		Release|Any CPU = Release|Any CPU
	EndGlobalSection
	GlobalSection(ProjectConfigurationPlatforms) = postSolution
		{70BCC178-5DF9-433D-BB91-E89C1FE90A8E}.Debug|Any CPU.ActiveCfg = Debug|Any CPU
		{70BCC178-5DF9-433D-BB91-E89C1FE90A8E}.Debug|Any CPU.Build.0 = Debug|Any CPU
		{70BCC178-5DF9-433D-BB91-E89C1FE90A8E}.Release|Any CPU.ActiveCfg = Release|Any CPU
		{70BCC178-5DF9-433D-BB91-E89C1FE90A8E}.Release|Any CPU.Build.0 = Release|Any CPU
		{D210300C-2107-4127-BE13-7EEA13C2BCFC}.Debug|Any CPU.ActiveCfg = Debug|Any CPU
		{D210300C-2107-4127-BE13-7EEA13C2BCFC}.Debug|Any CPU.Build.0 = Debug|Any CPU
		{D210300C-2107-4127-BE13-7EEA13C2BCFC}.Release|Any CPU.ActiveCfg = Release|Any CPU
		{D210300C-2107-4127-BE13-7EEA13C2BCFC}.Release|Any CPU.Build.0 = Release|Any CPU
	EndGlobalSection
	GlobalSection(SolutionProperties) = preSolution
		HideSolutionNode = FALSE
	EndGlobalSection
	GlobalSection(ExtensibilityGlobals) = postSolution
		SolutionGuid = {C7C5708B-867E-449B-8312-7B457E593504}
	EndGlobalSection
EndGlobal
